// !$*UTF8*$!
{
	archiveVersion = 1;
	classes = {
	};
	objectVersion = 50;
	objects = {

/* Begin PBXBuildFile section */
		0534B00825621E3C00E3C5CC /* AppDelegate.swift in Sources */ = {isa = PBXBuildFile; fileRef = 0534B00725621E3C00E3C5CC /* AppDelegate.swift */; };
		0534B00A25621E3C00E3C5CC /* SceneDelegate.swift in Sources */ = {isa = PBXBuildFile; fileRef = 0534B00925621E3C00E3C5CC /* SceneDelegate.swift */; };
		0534B00C25621E3C00E3C5CC /* ViewController.swift in Sources */ = {isa = PBXBuildFile; fileRef = 0534B00B25621E3C00E3C5CC /* ViewController.swift */; };
		0534B00F25621E3C00E3C5CC /* Main.storyboard in Resources */ = {isa = PBXBuildFile; fileRef = 0534B00D25621E3C00E3C5CC /* Main.storyboard */; };
		0534B01125621E4200E3C5CC /* Assets.xcassets in Resources */ = {isa = PBXBuildFile; fileRef = 0534B01025621E4200E3C5CC /* Assets.xcassets */; };
		0534B01425621E4200E3C5CC /* LaunchScreen.storyboard in Resources */ = {isa = PBXBuildFile; fileRef = 0534B01225621E4200E3C5CC /* LaunchScreen.storyboard */; };
/* End PBXBuildFile section */

/* Begin PBXFileReference section */
		0534B00425621E3C00E3C5CC /* Check M8.app */ = {isa = PBXFileReference; explicitFileType = wrapper.application; includeInIndex = 0; path = "Check M8.app"; sourceTree = BUILT_PRODUCTS_DIR; };
		0534B00725621E3C00E3C5CC /* AppDelegate.swift */ = {isa = PBXFileReference; lastKnownFileType = sourcecode.swift; path = AppDelegate.swift; sourceTree = "<group>"; };
		0534B00925621E3C00E3C5CC /* SceneDelegate.swift */ = {isa = PBXFileReference; lastKnownFileType = sourcecode.swift; path = SceneDelegate.swift; sourceTree = "<group>"; };
		0534B00B25621E3C00E3C5CC /* ViewController.swift */ = {isa = PBXFileReference; lastKnownFileType = sourcecode.swift; path = ViewController.swift; sourceTree = "<group>"; };
		0534B00E25621E3C00E3C5CC /* Base */ = {isa = PBXFileReference; lastKnownFileType = file.storyboard; name = Base; path = Base.lproj/Main.storyboard; sourceTree = "<group>"; };
		0534B01025621E4200E3C5CC /* Assets.xcassets */ = {isa = PBXFileReference; lastKnownFileType = folder.assetcatalog; path = Assets.xcassets; sourceTree = "<group>"; };
		0534B01325621E4200E3C5CC /* Base */ = {isa = PBXFileReference; lastKnownFileType = file.storyboard; name = Base; path = Base.lproj/LaunchScreen.storyboard; sourceTree = "<group>"; };
		0534B01525621E4200E3C5CC /* Info.plist */ = {isa = PBXFileReference; lastKnownFileType = text.plist.xml; path = Info.plist; sourceTree = "<group>"; };
/* End PBXFileReference section */

/* Begin PBXFrameworksBuildPhase section */
		0534B00125621E3C00E3C5CC /* Frameworks */ = {
			isa = PBXFrameworksBuildPhase;
			buildActionMask = 2147483647;
			files = (
			);
			runOnlyForDeploymentPostprocessing = 0;
		};
/* End PBXFrameworksBuildPhase section */

/* Begin PBXGroup section */
		0534AFFB25621E3C00E3C5CC = {
			isa = PBXGroup;
			children = (
				0534B00625621E3C00E3C5CC /* Check M8 */,
				0534B00525621E3C00E3C5CC /* Products */,
			);
			sourceTree = "<group>";
		};
		0534B00525621E3C00E3C5CC /* Products */ = {
			isa = PBXGroup;
			children = (
				0534B00425621E3C00E3C5CC /* Check M8.app */,
			);
			name = Products;
			sourceTree = "<group>";
		};
		0534B00625621E3C00E3C5CC /* Check M8 */ = {
			isa = PBXGroup;
			children = (
				0534B00725621E3C00E3C5CC /* AppDelegate.swift */,
				0534B00925621E3C00E3C5CC /* SceneDelegate.swift */,
				0534B00B25621E3C00E3C5CC /* ViewController.swift */,
				0534B00D25621E3C00E3C5CC /* Main.storyboard */,
				0534B01025621E4200E3C5CC /* Assets.xcassets */,
				0534B01225621E4200E3C5CC /* LaunchScreen.storyboard */,
				0534B01525621E4200E3C5CC /* Info.plist */,
			);
			path = "Check M8";
			sourceTree = "<group>";
		};
/* End PBXGroup section */

/* Begin PBXNativeTarget section */
		0534B00325621E3C00E3C5CC /* Check M8 */ = {
			isa = PBXNativeTarget;
			buildConfigurationList = 0534B01825621E4200E3C5CC /* Build configuration list for PBXNativeTarget "Check M8" */;
			buildPhases = (
				0534B00025621E3C00E3C5CC /* Sources */,
				0534B00125621E3C00E3C5CC /* Frameworks */,
				0534B00225621E3C00E3C5CC /* Resources */,
			);
			buildRules = (
			);
			dependencies = (
			);
			name = "Check M8";
			productName = "Check M8";
			productReference = 0534B00425621E3C00E3C5CC /* Check M8.app */;
			productType = "com.apple.product-type.application";
		};
/* End PBXNativeTarget section */

/* Begin PBXProject section */
		0534AFFC25621E3C00E3C5CC /* Project object */ = {
			isa = PBXProject;
			attributes = {
				LastSwiftUpdateCheck = 1170;
				LastUpgradeCheck = 1170;
				ORGANIZATIONNAME = "Mikias Zeleke";
				TargetAttributes = {
					0534B00325621E3C00E3C5CC = {
						CreatedOnToolsVersion = 11.7;
					};
				};
			};
			buildConfigurationList = 0534AFFF25621E3C00E3C5CC /* Build configuration list for PBXProject "Check M8" */;
			compatibilityVersion = "Xcode 9.3";
			developmentRegion = en;
			hasScannedForEncodings = 0;
			knownRegions = (
				en,
				Base,
			);
			mainGroup = 0534AFFB25621E3C00E3C5CC;
			productRefGroup = 0534B00525621E3C00E3C5CC /* Products */;
			projectDirPath = "";
			projectRoot = "";
			targets = (
				0534B00325621E3C00E3C5CC /* Check M8 */,
			);
		};
/* End PBXProject section */

/* Begin PBXResourcesBuildPhase section */
		0534B00225621E3C00E3C5CC /* Resources */ = {
			isa = PBXResourcesBuildPhase;
			buildActionMask = 2147483647;
			files = (
				0534B01425621E4200E3C5CC /* LaunchScreen.storyboard in Resources */,
				0534B01125621E4200E3C5CC /* Assets.xcassets in Resources */,
				0534B00F25621E3C00E3C5CC /* Main.storyboard in Resources */,
			);
			runOnlyForDeploymentPostprocessing = 0;
		};
/* End PBXResourcesBuildPhase section */

/* Begin PBXSourcesBuildPhase section */
		0534B00025621E3C00E3C5CC /* Sources */ = {
			isa = PBXSourcesBuildPhase;
			buildActionMask = 2147483647;
			files = (
				0534B00C25621E3C00E3C5CC /* ViewController.swift in Sources */,
				0534B00825621E3C00E3C5CC /* AppDelegate.swift in Sources */,
				0534B00A25621E3C00E3C5CC /* SceneDelegate.swift in Sources */,
			);
			runOnlyForDeploymentPostprocessing = 0;
		};
/* End PBXSourcesBuildPhase section */

/* Begin PBXVariantGroup section */
		0534B00D25621E3C00E3C5CC /* Main.storyboard */ = {
			isa = PBXVariantGroup;
			children = (
				0534B00E25621E3C00E3C5CC /* Base */,
			);
			name = Main.storyboard;
			sourceTree = "<group>";
		};
		0534B01225621E4200E3C5CC /* LaunchScreen.storyboard */ = {
			isa = PBXVariantGroup;
			children = (
				0534B01325621E4200E3C5CC /* Base */,
			);
			name = LaunchScreen.storyboard;
			sourceTree = "<group>";
		};
/* End PBXVariantGroup section */

/* Begin XCBuildConfiguration section */
		0534B01625621E4200E3C5CC /* Debug */ = {
			isa = XCBuildConfiguration;
			buildSettings = {
				ALWAYS_SEARCH_USER_PATHS = NO;
				CLANG_ANALYZER_NONNULL = YES;
				CLANG_ANALYZER_NUMBER_OBJECT_CONVERSION = YES_AGGRESSIVE;
				CLANG_CXX_LANGUAGE_STANDARD = "gnu++14";
				CLANG_CXX_LIBRARY = "libc++";
				CLANG_ENABLE_MODULES = YES;
				CLANG_ENABLE_OBJC_ARC = YES;
				CLANG_ENABLE_OBJC_WEAK = YES;
				CLANG_WARN_BLOCK_CAPTURE_AUTORELEASING = YES;
				CLANG_WARN_BOOL_CONVERSION = YES;
				CLANG_WARN_COMMA = YES;
				CLANG_WARN_CONSTANT_CONVERSION = YES;
				CLANG_WARN_DEPRECATED_OBJC_IMPLEMENTATIONS = YES;
				CLANG_WARN_DIRECT_OBJC_ISA_USAGE = YES_ERROR;
				CLANG_WARN_DOCUMENTATION_COMMENTS = YES;
				CLANG_WARN_EMPTY_BODY = YES;
				CLANG_WARN_ENUM_CONVERSION = YES;
				CLANG_WARN_INFINITE_RECURSION = YES;
				CLANG_WARN_INT_CONVERSION = YES;
				CLANG_WARN_NON_LITERAL_NULL_CONVERSION = YES;
				CLANG_WARN_OBJC_IMPLICIT_RETAIN_SELF = YES;
				CLANG_WARN_OBJC_LITERAL_CONVERSION = YES;
				CLANG_WARN_OBJC_ROOT_CLASS = YES_ERROR;
				CLANG_WARN_RANGE_LOOP_ANALYSIS = YES;
				CLANG_WARN_STRICT_PROTOTYPES = YES;
				CLANG_WARN_SUSPICIOUS_MOVE = YES;
				CLANG_WARN_UNGUARDED_AVAILABILITY = YES_AGGRESSIVE;
				CLANG_WARN_UNREACHABLE_CODE = YES;
				CLANG_WARN__DUPLICATE_METHOD_MATCH = YES;
				COPY_PHASE_STRIP = NO;
				DEBUG_INFORMATION_FORMAT = dwarf;
				ENABLE_STRICT_OBJC_MSGSEND = YES;
				ENABLE_TESTABILITY = YES;
				GCC_C_LANGUAGE_STANDARD = gnu11;
				GCC_DYNAMIC_NO_PIC = NO;
				GCC_NO_COMMON_BLOCKS = YES;
				GCC_OPTIMIZATION_LEVEL = 0;
				GCC_PREPROCESSOR_DEFINITIONS = (
					"DEBUG=1",
					"$(inherited)",
				);
				GCC_WARN_64_TO_32_BIT_CONVERSION = YES;
				GCC_WARN_ABOUT_RETURN_TYPE = YES_ERROR;
				GCC_WARN_UNDECLARED_SELECTOR = YES;
				GCC_WARN_UNINITIALIZED_AUTOS = YES_AGGRESSIVE;
				GCC_WARN_UNUSED_FUNCTION = YES;
				GCC_WARN_UNUSED_VARIABLE = YES;
				IPHONEOS_DEPLOYMENT_TARGET = 13.7;
				MTL_ENABLE_DEBUG_INFO = INCLUDE_SOURCE;
				MTL_FAST_MATH = YES;
				ONLY_ACTIVE_ARCH = YES;
				SDKROOT = iphoneos;
				SWIFT_ACTIVE_COMPILATION_CONDITIONS = DEBUG;
				SWIFT_OPTIMIZATION_LEVEL = "-Onone";
			};
			name = Debug;
		};
		0534B01725621E4200E3C5CC /* Release */ = {
			isa = XCBuildConfiguration;
			buildSettings = {
				ALWAYS_SEARCH_USER_PATHS = NO;
				CLANG_ANALYZER_NONNULL = YES;
				CLANG_ANALYZER_NUMBER_OBJECT_CONVERSION = YES_AGGRESSIVE;
				CLANG_CXX_LANGUAGE_STANDARD = "gnu++14";
				CLANG_CXX_LIBRARY = "libc++";
				CLANG_ENABLE_MODULES = YES;
				CLANG_ENABLE_OBJC_ARC = YES;
				CLANG_ENABLE_OBJC_WEAK = YES;
				CLANG_WARN_BLOCK_CAPTURE_AUTORELEASING = YES;
				CLANG_WARN_BOOL_CONVERSION = YES;
				CLANG_WARN_COMMA = YES;
				CLANG_WARN_CONSTANT_CONVERSION = YES;
				CLANG_WARN_DEPRECATED_OBJC_IMPLEMENTATIONS = YES;
				CLANG_WARN_DIRECT_OBJC_ISA_USAGE = YES_ERROR;
				CLANG_WARN_DOCUMENTATION_COMMENTS = YES;
				CLANG_WARN_EMPTY_BODY = YES;
				CLANG_WARN_ENUM_CONVERSION = YES;
				CLANG_WARN_INFINITE_RECURSION = YES;
				CLANG_WARN_INT_CONVERSION = YES;
				CLANG_WARN_NON_LITERAL_NULL_CONVERSION = YES;
				CLANG_WARN_OBJC_IMPLICIT_RETAIN_SELF = YES;
				CLANG_WARN_OBJC_LITERAL_CONVERSION = YES;
				CLANG_WARN_OBJC_ROOT_CLASS = YES_ERROR;
				CLANG_WARN_RANGE_LOOP_ANALYSIS = YES;
				CLANG_WARN_STRICT_PROTOTYPES = YES;
				CLANG_WARN_SUSPICIOUS_MOVE = YES;
				CLANG_WARN_UNGUARDED_AVAILABILITY = YES_AGGRESSIVE;
				CLANG_WARN_UNREACHABLE_CODE = YES;
				CLANG_WARN__DUPLICATE_METHOD_MATCH = YES;
				COPY_PHASE_STRIP = NO;
				DEBUG_INFORMATION_FORMAT = "dwarf-with-dsym";
				ENABLE_NS_ASSERTIONS = NO;
				ENABLE_STRICT_OBJC_MSGSEND = YES;
				GCC_C_LANGUAGE_STANDARD = gnu11;
				GCC_NO_COMMON_BLOCKS = YES;
				GCC_WARN_64_TO_32_BIT_CONVERSION = YES;
				GCC_WARN_ABOUT_RETURN_TYPE = YES_ERROR;
				GCC_WARN_UNDECLARED_SELECTOR = YES;
				GCC_WARN_UNINITIALIZED_AUTOS = YES_AGGRESSIVE;
				GCC_WARN_UNUSED_FUNCTION = YES;
				GCC_WARN_UNUSED_VARIABLE = YES;
				IPHONEOS_DEPLOYMENT_TARGET = 13.7;
				MTL_ENABLE_DEBUG_INFO = NO;
				MTL_FAST_MATH = YES;
				SDKROOT = iphoneos;
				SWIFT_COMPILATION_MODE = wholemodule;
				SWIFT_OPTIMIZATION_LEVEL = "-O";
				VALIDATE_PRODUCT = YES;
			};
			name = Release;
		};
		0534B01925621E4200E3C5CC /* Debug */ = {
			isa = XCBuildConfiguration;
			buildSettings = {
				ASSETCATALOG_COMPILER_APPICON_NAME = AppIcon;
				CODE_SIGN_STYLE = Automatic;
				INFOPLIST_FILE = "Check M8/Info.plist";
				LD_RUNPATH_SEARCH_PATHS = (
					"$(inherited)",
					"@executable_path/Frameworks",
				);
				PRODUCT_BUNDLE_IDENTIFIER = "csuf.Check-M8";
				PRODUCT_NAME = "$(TARGET_NAME)";
				SWIFT_VERSION = 5.0;
				TARGETED_DEVICE_FAMILY = "1,2";
			};
			name = Debug;
		};
		0534B01A25621E4200E3C5CC /* Release */ = {
			isa = XCBuildConfiguration;
			buildSettings = {
				ASSETCATALOG_COMPILER_APPICON_NAME = AppIcon;
				CODE_SIGN_STYLE = Automatic;
				INFOPLIST_FILE = "Check M8/Info.plist";
				LD_RUNPATH_SEARCH_PATHS = (
					"$(inherited)",
					"@executable_path/Frameworks",
				);
				PRODUCT_BUNDLE_IDENTIFIER = "csuf.Check-M8";
				PRODUCT_NAME = "$(TARGET_NAME)";
				SWIFT_VERSION = 5.0;
				TARGETED_DEVICE_FAMILY = "1,2";
			};
			name = Release;
		};
/* End XCBuildConfiguration section */

/* Begin XCConfigurationList section */
		0534AFFF25621E3C00E3C5CC /* Build configuration list for PBXProject "Check M8" */ = {
			isa = XCConfigurationList;
			buildConfigurations = (
				0534B01625621E4200E3C5CC /* Debug */,
				0534B01725621E4200E3C5CC /* Release */,
			);
			defaultConfigurationIsVisible = 0;
			defaultConfigurationName = Release;
		};
		0534B01825621E4200E3C5CC /* Build configuration list for PBXNativeTarget "Check M8" */ = {
			isa = XCConfigurationList;
			buildConfigurations = (
				0534B01925621E4200E3C5CC /* Debug */,
				0534B01A25621E4200E3C5CC /* Release */,
			);
			defaultConfigurationIsVisible = 0;
			defaultConfigurationName = Release;
		};
/* End XCConfigurationList section */
	};
	rootObject = 0534AFFC25621E3C00E3C5CC /* Project object */;
}
